
Microsoft Visual Studio Solution File, Format Version 12.00
# Visual Studio 15
VisualStudioVersion = 15.0.28307.329
MinimumVisualStudioVersion = 10.0.40219.1
Project("{FAE04EC0-301F-11D3-BF4B-00C04F79EFBC}") = "KumarIT", "KumarIT\KumarIT.csproj", "{46CBE572-CF75-4F1E-9ABB-C77D8C12E9E5}"
EndProject
Global
	GlobalSection(SolutionConfigurationPlatforms) = preSolution
		Debug|Any CPU = Debug|Any CPU
		Release|Any CPU = Release|Any CPU
	EndGlobalSection
	GlobalSection(ProjectConfigurationPlatforms) = postSolution
		{46CBE572-CF75-4F1E-9ABB-C77D8C12E9E5}.Debug|Any CPU.ActiveCfg = Debug|Any CPU
		{46CBE572-CF75-4F1E-9ABB-C77D8C12E9E5}.Debug|Any CPU.Build.0 = Debug|Any CPU
		{46CBE572-CF75-4F1E-9ABB-C77D8C12E9E5}.Release|Any CPU.ActiveCfg = Release|Any CPU
		{46CBE572-CF75-4F1E-9ABB-C77D8C12E9E5}.Release|Any CPU.Build.0 = Release|Any CPU
	EndGlobalSection
	GlobalSection(SolutionProperties) = preSolution
		HideSolutionNode = FALSE
	EndGlobalSection
	GlobalSection(ExtensibilityGlobals) = postSolution
		SolutionGuid = {E59F6585-920F-4AA8-A354-F3F480D42423}
	EndGlobalSection
EndGlobal
